
Microsoft Visual Studio Solution File, Format Version 12.00
# Visual Studio Version 16
VisualStudioVersion = 25.0.1706.9
MinimumVisualStudioVersion = 10.0.40219.1
Project("{FAE04EC0-301F-11D3-BF4B-00C04F79EFBC}") = "ComparingObjects2024", "ComparingObjects2024\ComparingObjects2024.csproj", "{06F6CA28-48CA-497E-963D-F981D2D1DD01}"
EndProject
Global
	GlobalSection(SolutionConfigurationPlatforms) = preSolution
		Debug|Any CPU = Debug|Any CPU
		Release|Any CPU = Release|Any CPU
	EndGlobalSection
	GlobalSection(ProjectConfigurationPlatforms) = postSolution
		{06F6CA28-48CA-497E-963D-F981D2D1DD01}.Debug|Any CPU.ActiveCfg = Debug|Any CPU
		{06F6CA28-48CA-497E-963D-F981D2D1DD01}.Debug|Any CPU.Build.0 = Debug|Any CPU
		{06F6CA28-48CA-497E-963D-F981D2D1DD01}.Release|Any CPU.ActiveCfg = Release|Any CPU
		{06F6CA28-48CA-497E-963D-F981D2D1DD01}.Release|Any CPU.Build.0 = Release|Any CPU
	EndGlobalSection
	GlobalSection(SolutionProperties) = preSolution
		HideSolutionNode = FALSE
	EndGlobalSection
	GlobalSection(ExtensibilityGlobals) = postSolution
		SolutionGuid = {C80ED5AE-4292-43A5-8970-CEAD3F0ABC90}
	EndGlobalSection
EndGlobal
